
Microsoft Visual Studio Solution File, Format Version 12.00
# Visual Studio Version 16
VisualStudioVersion = 16.0.30309.148
MinimumVisualStudioVersion = 10.0.40219.1
Project("{FAE04EC0-301F-11D3-BF4B-00C04F79EFBC}") = "Part 1-3 Chapter Assingment", "Part 1-3 Chapter Assingment.csproj", "{87E95435-868C-4825-855C-78B30F39E940}"
EndProject
Global
	GlobalSection(SolutionConfigurationPlatforms) = preSolution
		Debug|Any CPU = Debug|Any CPU
		Release|Any CPU = Release|Any CPU
	EndGlobalSection
	GlobalSection(ProjectConfigurationPlatforms) = postSolution
		{87E95435-868C-4825-855C-78B30F39E940}.Debug|Any CPU.ActiveCfg = Debug|Any CPU
		{87E95435-868C-4825-855C-78B30F39E940}.Debug|Any CPU.Build.0 = Debug|Any CPU
		{87E95435-868C-4825-855C-78B30F39E940}.Release|Any CPU.ActiveCfg = Release|Any CPU
		{87E95435-868C-4825-855C-78B30F39E940}.Release|Any CPU.Build.0 = Release|Any CPU
	EndGlobalSection
	GlobalSection(SolutionProperties) = preSolution
		HideSolutionNode = FALSE
	EndGlobalSection
	GlobalSection(ExtensibilityGlobals) = postSolution
		SolutionGuid = {A3571575-452B-495C-B558-6C10E8D5F41F}
	EndGlobalSection
EndGlobal
